// !$*UTF8*$!
{
	archiveVersion = 1;
	classes = {
	};
	objectVersion = 46;
	objects = {

/* Begin PBXBuildFile section */
		B5228D4CA5C317A6598AE708 /* Pods_SampleRBA.framework in Frameworks */ = {isa = PBXBuildFile; fileRef = FAC6F34EE5276CD9F0ACCF1A /* Pods_SampleRBA.framework */; };
		BB2385671B3DD5AB0079CD01 /* Main.storyboard in Resources */ = {isa = PBXBuildFile; fileRef = BB2385651B3DD5AB0079CD01 /* Main.storyboard */; };
		BB23856C1B3DD5AB0079CD01 /* LaunchScreen.xib in Resources */ = {isa = PBXBuildFile; fileRef = BB23856A1B3DD5AB0079CD01 /* LaunchScreen.xib */; };
		C2D4E14F1FA359F500FEE2AE /* SRBAAppDelegate.swift in Sources */ = {isa = PBXBuildFile; fileRef = C2D4E14E1FA359F500FEE2AE /* SRBAAppDelegate.swift */; };
		C2D4E1531FA35A0100FEE2AE /* SRBALoginViewController.swift in Sources */ = {isa = PBXBuildFile; fileRef = C2D4E1501FA35A0100FEE2AE /* SRBALoginViewController.swift */; };
		C2D4E1541FA35A0100FEE2AE /* SRBAMessagesListTableViewController.swift in Sources */ = {isa = PBXBuildFile; fileRef = C2D4E1511FA35A0100FEE2AE /* SRBAMessagesListTableViewController.swift */; };
		C2D4E1551FA35A0100FEE2AE /* SRBAOnlineUsersTableViewController.swift in Sources */ = {isa = PBXBuildFile; fileRef = C2D4E1521FA35A0100FEE2AE /* SRBAOnlineUsersTableViewController.swift */; };
		C2D4E1581FA35A0F00FEE2AE /* SRBAMessage.swift in Sources */ = {isa = PBXBuildFile; fileRef = C2D4E1561FA35A0F00FEE2AE /* SRBAMessage.swift */; };
		C2D4E1591FA35A0F00FEE2AE /* SRBAUser.swift in Sources */ = {isa = PBXBuildFile; fileRef = C2D4E1571FA35A0F00FEE2AE /* SRBAUser.swift */; };
		C2D4E15C1FA35A1A00FEE2AE /* SRBAMessageTableViewCell.xib in Resources */ = {isa = PBXBuildFile; fileRef = C2D4E15A1FA35A1A00FEE2AE /* SRBAMessageTableViewCell.xib */; };
		C2D4E15D1FA35A1A00FEE2AE /* SRBAMessageTableViewCell.swift in Sources */ = {isa = PBXBuildFile; fileRef = C2D4E15B1FA35A1A00FEE2AE /* SRBAMessageTableViewCell.swift */; };
		C2D4E15F1FA35A2700FEE2AE /* GoogleService-Info.plist in Resources */ = {isa = PBXBuildFile; fileRef = C2D4E15E1FA35A2700FEE2AE /* GoogleService-Info.plist */; };
/* End PBXBuildFile section */

/* Begin PBXFileReference section */
		BB23855C1B3DD5AB0079CD01 /* SampleRBA.app */ = {isa = PBXFileReference; explicitFileType = wrapper.application; includeInIndex = 0; path = SampleRBA.app; sourceTree = BUILT_PRODUCTS_DIR; };
		BB2385661B3DD5AB0079CD01 /* Base */ = {isa = PBXFileReference; lastKnownFileType = file.storyboard; name = Base; path = Base.lproj/Main.storyboard; sourceTree = "<group>"; };
		BB2385681B3DD5AB0079CD01 /* Images.xcassets */ = {isa = PBXFileReference; lastKnownFileType = folder.assetcatalog; path = Images.xcassets; sourceTree = "<group>"; };
		BB23856B1B3DD5AB0079CD01 /* Base */ = {isa = PBXFileReference; lastKnownFileType = file.xib; name = Base; path = Base.lproj/LaunchScreen.xib; sourceTree = "<group>"; };
		C2D4E14E1FA359F500FEE2AE /* SRBAAppDelegate.swift */ = {isa = PBXFileReference; fileEncoding = 4; lastKnownFileType = sourcecode.swift; name = SRBAAppDelegate.swift; path = SampleRBA/AppDelegate/SRBAAppDelegate.swift; sourceTree = SOURCE_ROOT; };
		C2D4E1501FA35A0100FEE2AE /* SRBALoginViewController.swift */ = {isa = PBXFileReference; fileEncoding = 4; lastKnownFileType = sourcecode.swift; name = SRBALoginViewController.swift; path = SampleRBA/Controllers/SRBALoginViewController.swift; sourceTree = SOURCE_ROOT; };
		C2D4E1511FA35A0100FEE2AE /* SRBAMessagesListTableViewController.swift */ = {isa = PBXFileReference; fileEncoding = 4; lastKnownFileType = sourcecode.swift; name = SRBAMessagesListTableViewController.swift; path = SampleRBA/Controllers/SRBAMessagesListTableViewController.swift; sourceTree = SOURCE_ROOT; };
		C2D4E1521FA35A0100FEE2AE /* SRBAOnlineUsersTableViewController.swift */ = {isa = PBXFileReference; fileEncoding = 4; lastKnownFileType = sourcecode.swift; name = SRBAOnlineUsersTableViewController.swift; path = SampleRBA/Controllers/SRBAOnlineUsersTableViewController.swift; sourceTree = SOURCE_ROOT; };
		C2D4E1561FA35A0F00FEE2AE /* SRBAMessage.swift */ = {isa = PBXFileReference; fileEncoding = 4; lastKnownFileType = sourcecode.swift; name = SRBAMessage.swift; path = SampleRBA/Models/SRBAMessage.swift; sourceTree = SOURCE_ROOT; };
		C2D4E1571FA35A0F00FEE2AE /* SRBAUser.swift */ = {isa = PBXFileReference; fileEncoding = 4; lastKnownFileType = sourcecode.swift; name = SRBAUser.swift; path = SampleRBA/Models/SRBAUser.swift; sourceTree = SOURCE_ROOT; };
		C2D4E15A1FA35A1A00FEE2AE /* SRBAMessageTableViewCell.xib */ = {isa = PBXFileReference; fileEncoding = 4; lastKnownFileType = file.xib; name = SRBAMessageTableViewCell.xib; path = SampleRBA/Views/SRBAMessageTableViewCell.xib; sourceTree = SOURCE_ROOT; };
		C2D4E15B1FA35A1A00FEE2AE /* SRBAMessageTableViewCell.swift */ = {isa = PBXFileReference; fileEncoding = 4; lastKnownFileType = sourcecode.swift; name = SRBAMessageTableViewCell.swift; path = SampleRBA/Views/SRBAMessageTableViewCell.swift; sourceTree = SOURCE_ROOT; };
		C2D4E15E1FA35A2700FEE2AE /* GoogleService-Info.plist */ = {isa = PBXFileReference; fileEncoding = 4; lastKnownFileType = text.plist.xml; name = "GoogleService-Info.plist"; path = "SampleRBA/Resources/GoogleService-Info.plist"; sourceTree = SOURCE_ROOT; };
		C2D4E1601FA35A4000FEE2AE /* Info.plist */ = {isa = PBXFileReference; fileEncoding = 4; lastKnownFileType = text.plist.xml; name = Info.plist; path = SampleRBA/Resources/Info.plist; sourceTree = SOURCE_ROOT; };
		D11BE8C1658B59300486A03A /* Pods-SampleRBA.release.xcconfig */ = {isa = PBXFileReference; includeInIndex = 1; lastKnownFileType = text.xcconfig; name = "Pods-SampleRBA.release.xcconfig"; path = "Pods/Target Support Files/Pods-SampleRBA/Pods-SampleRBA.release.xcconfig"; sourceTree = "<group>"; };
		EE0A4D88ABD6A25F6AC2423F /* Pods-SampleRBA.debug.xcconfig */ = {isa = PBXFileReference; includeInIndex = 1; lastKnownFileType = text.xcconfig; name = "Pods-SampleRBA.debug.xcconfig"; path = "Pods/Target Support Files/Pods-SampleRBA/Pods-SampleRBA.debug.xcconfig"; sourceTree = "<group>"; };
		FAC6F34EE5276CD9F0ACCF1A /* Pods_SampleRBA.framework */ = {isa = PBXFileReference; explicitFileType = wrapper.framework; includeInIndex = 0; path = Pods_SampleRBA.framework; sourceTree = BUILT_PRODUCTS_DIR; };
/* End PBXFileReference section */

/* Begin PBXFrameworksBuildPhase section */
		BB2385591B3DD5AB0079CD01 /* Frameworks */ = {
			isa = PBXFrameworksBuildPhase;
			buildActionMask = 2147483647;
			files = (
				B5228D4CA5C317A6598AE708 /* Pods_SampleRBA.framework in Frameworks */,
			);
			runOnlyForDeploymentPostprocessing = 0;
		};
/* End PBXFrameworksBuildPhase section */

/* Begin PBXGroup section */
		4A8371A0E77B0B1642DF29D1 /* Pods */ = {
			isa = PBXGroup;
			children = (
				EE0A4D88ABD6A25F6AC2423F /* Pods-SampleRBA.debug.xcconfig */,
				D11BE8C1658B59300486A03A /* Pods-SampleRBA.release.xcconfig */,
			);
			name = Pods;
			sourceTree = "<group>";
		};
		BB2385531B3DD5AB0079CD01 = {
			isa = PBXGroup;
			children = (
				BB23855E1B3DD5AB0079CD01 /* sampleRBA */,
				BB23855D1B3DD5AB0079CD01 /* Products */,
				4A8371A0E77B0B1642DF29D1 /* Pods */,
				E074D7D6BAFCBCECF19B00A5 /* Frameworks */,
			);
			indentWidth = 2;
			sourceTree = "<group>";
			tabWidth = 2;
		};
		BB23855D1B3DD5AB0079CD01 /* Products */ = {
			isa = PBXGroup;
			children = (
				BB23855C1B3DD5AB0079CD01 /* SampleRBA.app */,
			);
			name = Products;
			sourceTree = "<group>";
		};
		BB23855E1B3DD5AB0079CD01 /* sampleRBA */ = {
			isa = PBXGroup;
			children = (
				BB7DA5121B42CA790018B530 /* AppDelegate */,
				BB2385881B3DD9550079CD01 /* Models */,
				C2D4E1471FA3293500FEE2AE /* Views */,
				BB2385811B3DD8310079CD01 /* Controllers */,
				BB2385821B3DD8490079CD01 /* Layouts */,
				C2D4E1481FA3295D00FEE2AE /* Resources */,
				BB23855F1B3DD5AB0079CD01 /* Supporting Files */,
			);
			path = sampleRBA;
			sourceTree = "<group>";
		};
		BB23855F1B3DD5AB0079CD01 /* Supporting Files */ = {
			isa = PBXGroup;
			children = (
				C2D4E1601FA35A4000FEE2AE /* Info.plist */,
			);
			name = "Supporting Files";
			sourceTree = "<group>";
		};
		BB2385811B3DD8310079CD01 /* Controllers */ = {
			isa = PBXGroup;
			children = (
				C2D4E1501FA35A0100FEE2AE /* SRBALoginViewController.swift */,
				C2D4E1511FA35A0100FEE2AE /* SRBAMessagesListTableViewController.swift */,
				C2D4E1521FA35A0100FEE2AE /* SRBAOnlineUsersTableViewController.swift */,
			);
			name = Controllers;
			sourceTree = "<group>";
		};
		BB2385821B3DD8490079CD01 /* Layouts */ = {
			isa = PBXGroup;
			children = (
				BB2385651B3DD5AB0079CD01 /* Main.storyboard */,
				BB23856A1B3DD5AB0079CD01 /* LaunchScreen.xib */,
			);
			name = Layouts;
			sourceTree = "<group>";
		};
		BB2385881B3DD9550079CD01 /* Models */ = {
			isa = PBXGroup;
			children = (
				C2D4E1561FA35A0F00FEE2AE /* SRBAMessage.swift */,
				C2D4E1571FA35A0F00FEE2AE /* SRBAUser.swift */,
			);
			name = Models;
			sourceTree = "<group>";
		};
		BB7DA5121B42CA790018B530 /* AppDelegate */ = {
			isa = PBXGroup;
			children = (
				C2D4E14E1FA359F500FEE2AE /* SRBAAppDelegate.swift */,
			);
			name = AppDelegate;
			sourceTree = "<group>";
		};
		C2D4E1471FA3293500FEE2AE /* Views */ = {
			isa = PBXGroup;
			children = (
				C2D4E15B1FA35A1A00FEE2AE /* SRBAMessageTableViewCell.swift */,
				C2D4E15A1FA35A1A00FEE2AE /* SRBAMessageTableViewCell.xib */,
			);
			name = Views;
			sourceTree = "<group>";
		};
		C2D4E1481FA3295D00FEE2AE /* Resources */ = {
			isa = PBXGroup;
			children = (
				C2D4E15E1FA35A2700FEE2AE /* GoogleService-Info.plist */,
				BB2385681B3DD5AB0079CD01 /* Images.xcassets */,
			);
			name = Resources;
			sourceTree = "<group>";
		};
		E074D7D6BAFCBCECF19B00A5 /* Frameworks */ = {
			isa = PBXGroup;
			children = (
				FAC6F34EE5276CD9F0ACCF1A /* Pods_SampleRBA.framework */,
			);
			name = Frameworks;
			sourceTree = "<group>";
		};
/* End PBXGroup section */

/* Begin PBXNativeTarget section */
		BB23855B1B3DD5AB0079CD01 /* SampleRBA */ = {
			isa = PBXNativeTarget;
			buildConfigurationList = BB23857B1B3DD5AB0079CD01 /* Build configuration list for PBXNativeTarget "SampleRBA" */;
			buildPhases = (
				E5A7BBA1223C16BE2A2F2A55 /* [CP] Check Pods Manifest.lock */,
				BB2385581B3DD5AB0079CD01 /* Sources */,
				BB2385591B3DD5AB0079CD01 /* Frameworks */,
				BB23855A1B3DD5AB0079CD01 /* Resources */,
				9A87C4D91D3CBFD600725525 /* ShellScript */,
				DA023F2EA6187AB79C882C8F /* [CP] Embed Pods Frameworks */,
				789B6C9A3F1D27A36AF82C1C /* [CP] Copy Pods Resources */,
			);
			buildRules = (
			);
			dependencies = (
			);
			name = SampleRBA;
			productName = Grocr;
			productReference = BB23855C1B3DD5AB0079CD01 /* SampleRBA.app */;
			productType = "com.apple.product-type.application";
		};
/* End PBXNativeTarget section */

/* Begin PBXProject section */
		BB2385541B3DD5AB0079CD01 /* Project object */ = {
			isa = PBXProject;
			attributes = {
				LastUpgradeCheck = 0900;
				ORGANIZATIONNAME = "Razeware LLC";
				TargetAttributes = {
					BB23855B1B3DD5AB0079CD01 = {
						CreatedOnToolsVersion = 6.3.1;
						LastSwiftMigration = 0900;
						ProvisioningStyle = Automatic;
						SystemCapabilities = {
							com.apple.Keychain = {
								enabled = 0;
							};
						};
					};
				};
			};
			buildConfigurationList = BB2385571B3DD5AB0079CD01 /* Build configuration list for PBXProject "SampleRBA" */;
			compatibilityVersion = "Xcode 3.2";
			developmentRegion = English;
			hasScannedForEncodings = 0;
			knownRegions = (
				en,
				Base,
			);
			mainGroup = BB2385531B3DD5AB0079CD01;
			productRefGroup = BB23855D1B3DD5AB0079CD01 /* Products */;
			projectDirPath = "";
			projectRoot = "";
			targets = (
				BB23855B1B3DD5AB0079CD01 /* SampleRBA */,
			);
		};
/* End PBXProject section */

/* Begin PBXResourcesBuildPhase section */
		BB23855A1B3DD5AB0079CD01 /* Resources */ = {
			isa = PBXResourcesBuildPhase;
			buildActionMask = 2147483647;
			files = (
				BB2385671B3DD5AB0079CD01 /* Main.storyboard in Resources */,
				C2D4E15C1FA35A1A00FEE2AE /* SRBAMessageTableViewCell.xib in Resources */,
				C2D4E15F1FA35A2700FEE2AE /* GoogleService-Info.plist in Resources */,
				BB23856C1B3DD5AB0079CD01 /* LaunchScreen.xib in Resources */,
			);
			runOnlyForDeploymentPostprocessing = 0;
		};
/* End PBXResourcesBuildPhase section */

/* Begin PBXShellScriptBuildPhase section */
		789B6C9A3F1D27A36AF82C1C /* [CP] Copy Pods Resources */ = {
			isa = PBXShellScriptBuildPhase;
			buildActionMask = 2147483647;
			files = (
			);
			inputPaths = (
			);
			name = "[CP] Copy Pods Resources";
			outputPaths = (
			);
			runOnlyForDeploymentPostprocessing = 0;
			shellPath = /bin/sh;
			shellScript = "\"${SRCROOT}/Pods/Target Support Files/Pods-SampleRBA/Pods-SampleRBA-resources.sh\"\n";
			showEnvVarsInLog = 0;
		};
		9A87C4D91D3CBFD600725525 /* ShellScript */ = {
			isa = PBXShellScriptBuildPhase;
			buildActionMask = 2147483647;
			files = (
			);
			inputPaths = (
			);
			outputPaths = (
			);
			runOnlyForDeploymentPostprocessing = 0;
			shellPath = /bin/sh;
			shellScript = "codesign --verify --force --sign \"$CODE_SIGN_IDENTITY\" \"$CODESIGNING_FOLDER_PATH\"";
		};
		DA023F2EA6187AB79C882C8F /* [CP] Embed Pods Frameworks */ = {
			isa = PBXShellScriptBuildPhase;
			buildActionMask = 2147483647;
			files = (
			);
			inputPaths = (
				"${SRCROOT}/Pods/Target Support Files/Pods-SampleRBA/Pods-SampleRBA-frameworks.sh",
				"${BUILT_PRODUCTS_DIR}/GTMSessionFetcher/GTMSessionFetcher.framework",
				"${BUILT_PRODUCTS_DIR}/GoogleToolboxForMac/GoogleToolboxForMac.framework",
				"${BUILT_PRODUCTS_DIR}/leveldb-library/leveldb.framework",
				"${BUILT_PRODUCTS_DIR}/nanopb/nanopb.framework",
			);
			name = "[CP] Embed Pods Frameworks";
			outputPaths = (
				"${TARGET_BUILD_DIR}/${FRAMEWORKS_FOLDER_PATH}/GTMSessionFetcher.framework",
				"${TARGET_BUILD_DIR}/${FRAMEWORKS_FOLDER_PATH}/GoogleToolboxForMac.framework",
				"${TARGET_BUILD_DIR}/${FRAMEWORKS_FOLDER_PATH}/leveldb.framework",
				"${TARGET_BUILD_DIR}/${FRAMEWORKS_FOLDER_PATH}/nanopb.framework",
			);
			runOnlyForDeploymentPostprocessing = 0;
			shellPath = /bin/sh;
			shellScript = "\"${SRCROOT}/Pods/Target Support Files/Pods-SampleRBA/Pods-SampleRBA-frameworks.sh\"\n";
			showEnvVarsInLog = 0;
		};
		E5A7BBA1223C16BE2A2F2A55 /* [CP] Check Pods Manifest.lock */ = {
			isa = PBXShellScriptBuildPhase;
			buildActionMask = 2147483647;
			files = (
			);
			inputPaths = (
				"${PODS_PODFILE_DIR_PATH}/Podfile.lock",
				"${PODS_ROOT}/Manifest.lock",
			);
			name = "[CP] Check Pods Manifest.lock";
			outputPaths = (
				"$(DERIVED_FILE_DIR)/Pods-SampleRBA-checkManifestLockResult.txt",
			);
			runOnlyForDeploymentPostprocessing = 0;
			shellPath = /bin/sh;
			shellScript = "diff \"${PODS_PODFILE_DIR_PATH}/Podfile.lock\" \"${PODS_ROOT}/Manifest.lock\" > /dev/null\nif [ $? != 0 ] ; then\n    # print error to STDERR\n    echo \"error: The sandbox is not in sync with the Podfile.lock. Run 'pod install' or update your CocoaPods installation.\" >&2\n    exit 1\nfi\n";
			showEnvVarsInLog = 0;
		};
/* End PBXShellScriptBuildPhase section */

/* Begin PBXSourcesBuildPhase section */
		BB2385581B3DD5AB0079CD01 /* Sources */ = {
			isa = PBXSourcesBuildPhase;
			buildActionMask = 2147483647;
			files = (
				C2D4E1591FA35A0F00FEE2AE /* SRBAUser.swift in Sources */,
				C2D4E1531FA35A0100FEE2AE /* SRBALoginViewController.swift in Sources */,
				C2D4E1551FA35A0100FEE2AE /* SRBAOnlineUsersTableViewController.swift in Sources */,
				C2D4E1541FA35A0100FEE2AE /* SRBAMessagesListTableViewController.swift in Sources */,
				C2D4E1581FA35A0F00FEE2AE /* SRBAMessage.swift in Sources */,
				C2D4E15D1FA35A1A00FEE2AE /* SRBAMessageTableViewCell.swift in Sources */,
				C2D4E14F1FA359F500FEE2AE /* SRBAAppDelegate.swift in Sources */,
			);
			runOnlyForDeploymentPostprocessing = 0;
		};
/* End PBXSourcesBuildPhase section */

/* Begin PBXVariantGroup section */
		BB2385651B3DD5AB0079CD01 /* Main.storyboard */ = {
			isa = PBXVariantGroup;
			children = (
				BB2385661B3DD5AB0079CD01 /* Base */,
			);
			name = Main.storyboard;
			sourceTree = "<group>";
		};
		BB23856A1B3DD5AB0079CD01 /* LaunchScreen.xib */ = {
			isa = PBXVariantGroup;
			children = (
				BB23856B1B3DD5AB0079CD01 /* Base */,
			);
			name = LaunchScreen.xib;
			sourceTree = "<group>";
		};
/* End PBXVariantGroup section */

/* Begin XCBuildConfiguration section */
		BB2385791B3DD5AB0079CD01 /* Debug */ = {
			isa = XCBuildConfiguration;
			buildSettings = {
				ALWAYS_SEARCH_USER_PATHS = NO;
				CLANG_CXX_LANGUAGE_STANDARD = "gnu++0x";
				CLANG_CXX_LIBRARY = "libc++";
				CLANG_ENABLE_MODULES = YES;
				CLANG_ENABLE_OBJC_ARC = YES;
				CLANG_WARN_BLOCK_CAPTURE_AUTORELEASING = YES;
				CLANG_WARN_BOOL_CONVERSION = YES;
				CLANG_WARN_COMMA = YES;
				CLANG_WARN_CONSTANT_CONVERSION = YES;
				CLANG_WARN_DIRECT_OBJC_ISA_USAGE = YES_ERROR;
				CLANG_WARN_EMPTY_BODY = YES;
				CLANG_WARN_ENUM_CONVERSION = YES;
				CLANG_WARN_INFINITE_RECURSION = YES;
				CLANG_WARN_INT_CONVERSION = YES;
				CLANG_WARN_NON_LITERAL_NULL_CONVERSION = YES;
				CLANG_WARN_OBJC_LITERAL_CONVERSION = YES;
				CLANG_WARN_OBJC_ROOT_CLASS = YES_ERROR;
				CLANG_WARN_RANGE_LOOP_ANALYSIS = YES;
				CLANG_WARN_STRICT_PROTOTYPES = YES;
				CLANG_WARN_SUSPICIOUS_MOVE = YES;
				CLANG_WARN_UNREACHABLE_CODE = YES;
				CLANG_WARN__DUPLICATE_METHOD_MATCH = YES;
				COPY_PHASE_STRIP = NO;
				DEBUG_INFORMATION_FORMAT = "dwarf-with-dsym";
				ENABLE_STRICT_OBJC_MSGSEND = YES;
				ENABLE_TESTABILITY = YES;
				GCC_C_LANGUAGE_STANDARD = gnu99;
				GCC_DYNAMIC_NO_PIC = NO;
				GCC_NO_COMMON_BLOCKS = YES;
				GCC_OPTIMIZATION_LEVEL = 0;
				GCC_PREPROCESSOR_DEFINITIONS = (
					"DEBUG=1",
					"$(inherited)",
				);
				GCC_SYMBOLS_PRIVATE_EXTERN = NO;
				GCC_WARN_64_TO_32_BIT_CONVERSION = YES;
				GCC_WARN_ABOUT_RETURN_TYPE = YES_ERROR;
				GCC_WARN_UNDECLARED_SELECTOR = YES;
				GCC_WARN_UNINITIALIZED_AUTOS = YES_AGGRESSIVE;
				GCC_WARN_UNUSED_FUNCTION = YES;
				GCC_WARN_UNUSED_VARIABLE = YES;
				IPHONEOS_DEPLOYMENT_TARGET = 10.0;
				MTL_ENABLE_DEBUG_INFO = YES;
				ONLY_ACTIVE_ARCH = YES;
				SDKROOT = iphoneos;
				SWIFT_OPTIMIZATION_LEVEL = "-Onone";
			};
			name = Debug;
		};
		BB23857A1B3DD5AB0079CD01 /* Release */ = {
			isa = XCBuildConfiguration;
			buildSettings = {
				ALWAYS_SEARCH_USER_PATHS = NO;
				CLANG_CXX_LANGUAGE_STANDARD = "gnu++0x";
				CLANG_CXX_LIBRARY = "libc++";
				CLANG_ENABLE_MODULES = YES;
				CLANG_ENABLE_OBJC_ARC = YES;
				CLANG_WARN_BLOCK_CAPTURE_AUTORELEASING = YES;
				CLANG_WARN_BOOL_CONVERSION = YES;
				CLANG_WARN_COMMA = YES;
				CLANG_WARN_CONSTANT_CONVERSION = YES;
				CLANG_WARN_DIRECT_OBJC_ISA_USAGE = YES_ERROR;
				CLANG_WARN_EMPTY_BODY = YES;
				CLANG_WARN_ENUM_CONVERSION = YES;
				CLANG_WARN_INFINITE_RECURSION = YES;
				CLANG_WARN_INT_CONVERSION = YES;
				CLANG_WARN_NON_LITERAL_NULL_CONVERSION = YES;
				CLANG_WARN_OBJC_LITERAL_CONVERSION = YES;
				CLANG_WARN_OBJC_ROOT_CLASS = YES_ERROR;
				CLANG_WARN_RANGE_LOOP_ANALYSIS = YES;
				CLANG_WARN_STRICT_PROTOTYPES = YES;
				CLANG_WARN_SUSPICIOUS_MOVE = YES;
				CLANG_WARN_UNREACHABLE_CODE = YES;
				CLANG_WARN__DUPLICATE_METHOD_MATCH = YES;
				COPY_PHASE_STRIP = NO;
				DEBUG_INFORMATION_FORMAT = "dwarf-with-dsym";
				ENABLE_NS_ASSERTIONS = NO;
				ENABLE_STRICT_OBJC_MSGSEND = YES;
				GCC_C_LANGUAGE_STANDARD = gnu99;
				GCC_NO_COMMON_BLOCKS = YES;
				GCC_WARN_64_TO_32_BIT_CONVERSION = YES;
				GCC_WARN_ABOUT_RETURN_TYPE = YES_ERROR;
				GCC_WARN_UNDECLARED_SELECTOR = YES;
				GCC_WARN_UNINITIALIZED_AUTOS = YES_AGGRESSIVE;
				GCC_WARN_UNUSED_FUNCTION = YES;
				GCC_WARN_UNUSED_VARIABLE = YES;
				IPHONEOS_DEPLOYMENT_TARGET = 10.0;
				MTL_ENABLE_DEBUG_INFO = NO;
				SDKROOT = iphoneos;
				VALIDATE_PRODUCT = YES;
			};
			name = Release;
		};
		BB23857C1B3DD5AB0079CD01 /* Debug */ = {
			isa = XCBuildConfiguration;
			baseConfigurationReference = EE0A4D88ABD6A25F6AC2423F /* Pods-SampleRBA.debug.xcconfig */;
			buildSettings = {
				ASSETCATALOG_COMPILER_APPICON_NAME = AppIcon;
				CLANG_ENABLE_MODULES = YES;
				"CODE_SIGN_IDENTITY[sdk=iphoneos*]" = "iPhone Developer";
				INFOPLIST_FILE = "$(SRCROOT)/SampleRBA/Resources/Info.plist";
				IPHONEOS_DEPLOYMENT_TARGET = 10.0;
				LD_RUNPATH_SEARCH_PATHS = "$(inherited) @executable_path/Frameworks";
				PRODUCT_BUNDLE_IDENTIFIER = com.fbrba.ios;
				PRODUCT_NAME = "$(TARGET_NAME)";
				SWIFT_OBJC_BRIDGING_HEADER = "";
				SWIFT_OPTIMIZATION_LEVEL = "-Onone";
				SWIFT_VERSION = 3.0;
				TARGETED_DEVICE_FAMILY = 1;
			};
			name = Debug;
		};
		BB23857D1B3DD5AB0079CD01 /* Release */ = {
			isa = XCBuildConfiguration;
			baseConfigurationReference = D11BE8C1658B59300486A03A /* Pods-SampleRBA.release.xcconfig */;
			buildSettings = {
				ASSETCATALOG_COMPILER_APPICON_NAME = AppIcon;
				CLANG_ENABLE_MODULES = YES;
				"CODE_SIGN_IDENTITY[sdk=iphoneos*]" = "iPhone Developer";
				INFOPLIST_FILE = "$(SRCROOT)/SampleRBA/Resources/Info.plist";
				IPHONEOS_DEPLOYMENT_TARGET = 10.0;
				LD_RUNPATH_SEARCH_PATHS = "$(inherited) @executable_path/Frameworks";
				PRODUCT_BUNDLE_IDENTIFIER = com.fbrba.ios;
				PRODUCT_NAME = "$(TARGET_NAME)";
				SWIFT_OBJC_BRIDGING_HEADER = "";
				SWIFT_OPTIMIZATION_LEVEL = "-Owholemodule";
				SWIFT_VERSION = 3.0;
				TARGETED_DEVICE_FAMILY = 1;
			};
			name = Release;
		};
/* End XCBuildConfiguration section */

/* Begin XCConfigurationList section */
		BB2385571B3DD5AB0079CD01 /* Build configuration list for PBXProject "SampleRBA" */ = {
			isa = XCConfigurationList;
			buildConfigurations = (
				BB2385791B3DD5AB0079CD01 /* Debug */,
				BB23857A1B3DD5AB0079CD01 /* Release */,
			);
			defaultConfigurationIsVisible = 0;
			defaultConfigurationName = Release;
		};
		BB23857B1B3DD5AB0079CD01 /* Build configuration list for PBXNativeTarget "SampleRBA" */ = {
			isa = XCConfigurationList;
			buildConfigurations = (
				BB23857C1B3DD5AB0079CD01 /* Debug */,
				BB23857D1B3DD5AB0079CD01 /* Release */,
			);
			defaultConfigurationIsVisible = 0;
			defaultConfigurationName = Release;
		};
/* End XCConfigurationList section */
	};
	rootObject = BB2385541B3DD5AB0079CD01 /* Project object */;
}
